
Microsoft Visual Studio Solution File, Format Version 12.00
# Visual Studio Version 18
VisualStudioVersion = 18.0.11205.157
MinimumVisualStudioVersion = 10.0.40219.1
Project("{9A19103F-16F7-4668-BE54-9A1E7A4F7556}") = "CommandPattern", "CommandPattern\CommandPattern.csproj", "{0D531A03-AA7D-4177-B582-27E6E8FC4B15}"
EndProject
Project("{9A19103F-16F7-4668-BE54-9A1E7A4F7556}") = "FactoryMethodPattern", "FactoryMethodPattern\FactoryMethodPattern.csproj", "{1A70F6B2-0DE3-488C-AD7D-79CD0308E9E2}"
EndProject
Project("{FAE04EC0-301F-11D3-BF4B-00C04F79EFBC}") = "AdapterPattern", "AdapterPattern\AdapterPattern.csproj", "{384E8D59-35F4-4A40-BECE-CCDC9301E940}"
EndProject
Project("{FAE04EC0-301F-11D3-BF4B-00C04F79EFBC}") = "SingletonPattern", "SingletonPattern\SingletonPattern.csproj", "{767507D4-748E-409C-8EE2-FBB9F674D30E}"
EndProject
Project("{FAE04EC0-301F-11D3-BF4B-00C04F79EFBC}") = "StrategyPattern", "StrategyPattern\StrategyPattern.csproj", "{83603771-93E1-4898-9868-36277CE4F35F}"
EndProject
Project("{FAE04EC0-301F-11D3-BF4B-00C04F79EFBC}") = "TemplateMethodPattern", "TemplateMethodPattern\TemplateMethodPattern.csproj", "{79BB583A-601F-4F02-9775-FED6F2BC4BD1}"
EndProject
Project("{2150E333-8FDC-42A3-9474-1A3956D46DE8}") = "Solid", "Solid", "{02EA681E-C7D8-13C7-8484-4AC65E1B71E8}"
EndProject
Project("{FAE04EC0-301F-11D3-BF4B-00C04F79EFBC}") = "SingleResponsibilityPrinciple", "Solid\SingleResponsibilityPrinciple\SingleResponsibilityPrinciple.csproj", "{94598753-C881-4DCD-8D0D-F153EBC689CF}"
EndProject
Project("{FAE04EC0-301F-11D3-BF4B-00C04F79EFBC}") = "OpenClosedPrinciple", "Solid\OpenClosedPrinciple\OpenClosedPrinciple.csproj", "{70AA0A17-8462-43B7-88AB-F60CEF83AEF7}"
EndProject
Project("{FAE04EC0-301F-11D3-BF4B-00C04F79EFBC}") = "LiskovSubstitutionPrinciple", "Solid\LiskovSubstitutionPrinciple\LiskovSubstitutionPrinciple.csproj", "{1D7BB399-82E7-437A-B56F-5EC60A5AFDCA}"
EndProject
Project("{FAE04EC0-301F-11D3-BF4B-00C04F79EFBC}") = "InterfaceSegregationPrinciple", "Solid\InterfaceSegregationPrinciple\InterfaceSegregationPrinciple.csproj", "{AEA9996D-84C1-41EA-9EFA-98E9A777DABE}"
EndProject
Project("{2150E333-8FDC-42A3-9474-1A3956D46DE8}") = "Documents", "Documents", "{C7AD406E-83FC-4103-A65A-C18532506801}"
	ProjectSection(SolutionItems) = preProject
		Readme.txt = Readme.txt
	EndProjectSection
EndProject
Project("{FAE04EC0-301F-11D3-BF4B-00C04F79EFBC}") = "BuilderPattern", "BuilderPattern\BuilderPattern.csproj", "{4D57E8BA-FB6B-4F22-9858-3D637D16D4D2}"
EndProject
Project("{FAE04EC0-301F-11D3-BF4B-00C04F79EFBC}") = "IteratorPattern", "IteratorPattern\IteratorPattern.csproj", "{0FE5B843-1C02-46E0-9B79-63D379ADF4B1}"
EndProject
Project("{FAE04EC0-301F-11D3-BF4B-00C04F79EFBC}") = "MementoPattern", "MementoPattern\MementoPattern.csproj", "{A183AD8A-50D5-44F1-94F8-6AC834813229}"
EndProject
Project("{FAE04EC0-301F-11D3-BF4B-00C04F79EFBC}") = "DependencyInversionPrinciple", "Solid\DependencyInversionPrinciple\DependencyInversionPrinciple.csproj", "{26812EC9-995D-43A1-852E-302321466784}"
EndProject
Project("{FAE04EC0-301F-11D3-BF4B-00C04F79EFBC}") = "PrototypePattern", "PrototypePattern\PrototypePattern.csproj", "{0BEBEE1D-DADC-402F-A675-8110E6BD1D3C}"
EndProject
Project("{FAE04EC0-301F-11D3-BF4B-00C04F79EFBC}") = "PrototypeSample", "PrototypeSample\PrototypeSample.csproj", "{0A198586-1B61-4A0B-92AC-75FE56BDE4FC}"
EndProject
Global
	GlobalSection(SolutionConfigurationPlatforms) = preSolution
		Debug|Any CPU = Debug|Any CPU
		Release|Any CPU = Release|Any CPU
	EndGlobalSection
	GlobalSection(ProjectConfigurationPlatforms) = postSolution
		{0D531A03-AA7D-4177-B582-27E6E8FC4B15}.Debug|Any CPU.ActiveCfg = Debug|Any CPU
		{0D531A03-AA7D-4177-B582-27E6E8FC4B15}.Debug|Any CPU.Build.0 = Debug|Any CPU
		{0D531A03-AA7D-4177-B582-27E6E8FC4B15}.Release|Any CPU.ActiveCfg = Release|Any CPU
		{0D531A03-AA7D-4177-B582-27E6E8FC4B15}.Release|Any CPU.Build.0 = Release|Any CPU
		{1A70F6B2-0DE3-488C-AD7D-79CD0308E9E2}.Debug|Any CPU.ActiveCfg = Debug|Any CPU
		{1A70F6B2-0DE3-488C-AD7D-79CD0308E9E2}.Debug|Any CPU.Build.0 = Debug|Any CPU
		{1A70F6B2-0DE3-488C-AD7D-79CD0308E9E2}.Release|Any CPU.ActiveCfg = Release|Any CPU
		{1A70F6B2-0DE3-488C-AD7D-79CD0308E9E2}.Release|Any CPU.Build.0 = Release|Any CPU
		{384E8D59-35F4-4A40-BECE-CCDC9301E940}.Debug|Any CPU.ActiveCfg = Debug|Any CPU
		{384E8D59-35F4-4A40-BECE-CCDC9301E940}.Debug|Any CPU.Build.0 = Debug|Any CPU
		{384E8D59-35F4-4A40-BECE-CCDC9301E940}.Release|Any CPU.ActiveCfg = Release|Any CPU
		{384E8D59-35F4-4A40-BECE-CCDC9301E940}.Release|Any CPU.Build.0 = Release|Any CPU
		{767507D4-748E-409C-8EE2-FBB9F674D30E}.Debug|Any CPU.ActiveCfg = Debug|Any CPU
		{767507D4-748E-409C-8EE2-FBB9F674D30E}.Debug|Any CPU.Build.0 = Debug|Any CPU
		{767507D4-748E-409C-8EE2-FBB9F674D30E}.Release|Any CPU.ActiveCfg = Release|Any CPU
		{767507D4-748E-409C-8EE2-FBB9F674D30E}.Release|Any CPU.Build.0 = Release|Any CPU
		{83603771-93E1-4898-9868-36277CE4F35F}.Debug|Any CPU.ActiveCfg = Debug|Any CPU
		{83603771-93E1-4898-9868-36277CE4F35F}.Debug|Any CPU.Build.0 = Debug|Any CPU
		{83603771-93E1-4898-9868-36277CE4F35F}.Release|Any CPU.ActiveCfg = Release|Any CPU
		{83603771-93E1-4898-9868-36277CE4F35F}.Release|Any CPU.Build.0 = Release|Any CPU
		{79BB583A-601F-4F02-9775-FED6F2BC4BD1}.Debug|Any CPU.ActiveCfg = Debug|Any CPU
		{79BB583A-601F-4F02-9775-FED6F2BC4BD1}.Debug|Any CPU.Build.0 = Debug|Any CPU
		{79BB583A-601F-4F02-9775-FED6F2BC4BD1}.Release|Any CPU.ActiveCfg = Release|Any CPU
		{79BB583A-601F-4F02-9775-FED6F2BC4BD1}.Release|Any CPU.Build.0 = Release|Any CPU
		{94598753-C881-4DCD-8D0D-F153EBC689CF}.Debug|Any CPU.ActiveCfg = Debug|Any CPU
		{94598753-C881-4DCD-8D0D-F153EBC689CF}.Debug|Any CPU.Build.0 = Debug|Any CPU
		{94598753-C881-4DCD-8D0D-F153EBC689CF}.Release|Any CPU.ActiveCfg = Release|Any CPU
		{94598753-C881-4DCD-8D0D-F153EBC689CF}.Release|Any CPU.Build.0 = Release|Any CPU
		{70AA0A17-8462-43B7-88AB-F60CEF83AEF7}.Debug|Any CPU.ActiveCfg = Debug|Any CPU
		{70AA0A17-8462-43B7-88AB-F60CEF83AEF7}.Debug|Any CPU.Build.0 = Debug|Any CPU
		{70AA0A17-8462-43B7-88AB-F60CEF83AEF7}.Release|Any CPU.ActiveCfg = Release|Any CPU
		{70AA0A17-8462-43B7-88AB-F60CEF83AEF7}.Release|Any CPU.Build.0 = Release|Any CPU
		{1D7BB399-82E7-437A-B56F-5EC60A5AFDCA}.Debug|Any CPU.ActiveCfg = Debug|Any CPU
		{1D7BB399-82E7-437A-B56F-5EC60A5AFDCA}.Debug|Any CPU.Build.0 = Debug|Any CPU
		{1D7BB399-82E7-437A-B56F-5EC60A5AFDCA}.Release|Any CPU.ActiveCfg = Release|Any CPU
		{1D7BB399-82E7-437A-B56F-5EC60A5AFDCA}.Release|Any CPU.Build.0 = Release|Any CPU
		{AEA9996D-84C1-41EA-9EFA-98E9A777DABE}.Debug|Any CPU.ActiveCfg = Debug|Any CPU
		{AEA9996D-84C1-41EA-9EFA-98E9A777DABE}.Debug|Any CPU.Build.0 = Debug|Any CPU
		{AEA9996D-84C1-41EA-9EFA-98E9A777DABE}.Release|Any CPU.ActiveCfg = Release|Any CPU
		{AEA9996D-84C1-41EA-9EFA-98E9A777DABE}.Release|Any CPU.Build.0 = Release|Any CPU
		{4D57E8BA-FB6B-4F22-9858-3D637D16D4D2}.Debug|Any CPU.ActiveCfg = Debug|Any CPU
		{4D57E8BA-FB6B-4F22-9858-3D637D16D4D2}.Debug|Any CPU.Build.0 = Debug|Any CPU
		{4D57E8BA-FB6B-4F22-9858-3D637D16D4D2}.Release|Any CPU.ActiveCfg = Release|Any CPU
		{4D57E8BA-FB6B-4F22-9858-3D637D16D4D2}.Release|Any CPU.Build.0 = Release|Any CPU
		{0FE5B843-1C02-46E0-9B79-63D379ADF4B1}.Debug|Any CPU.ActiveCfg = Debug|Any CPU
		{0FE5B843-1C02-46E0-9B79-63D379ADF4B1}.Debug|Any CPU.Build.0 = Debug|Any CPU
		{0FE5B843-1C02-46E0-9B79-63D379ADF4B1}.Release|Any CPU.ActiveCfg = Release|Any CPU
		{0FE5B843-1C02-46E0-9B79-63D379ADF4B1}.Release|Any CPU.Build.0 = Release|Any CPU
		{A183AD8A-50D5-44F1-94F8-6AC834813229}.Debug|Any CPU.ActiveCfg = Debug|Any CPU
		{A183AD8A-50D5-44F1-94F8-6AC834813229}.Debug|Any CPU.Build.0 = Debug|Any CPU
		{A183AD8A-50D5-44F1-94F8-6AC834813229}.Release|Any CPU.ActiveCfg = Release|Any CPU
		{A183AD8A-50D5-44F1-94F8-6AC834813229}.Release|Any CPU.Build.0 = Release|Any CPU
		{26812EC9-995D-43A1-852E-302321466784}.Debug|Any CPU.ActiveCfg = Debug|Any CPU
		{26812EC9-995D-43A1-852E-302321466784}.Debug|Any CPU.Build.0 = Debug|Any CPU
		{26812EC9-995D-43A1-852E-302321466784}.Release|Any CPU.ActiveCfg = Release|Any CPU
		{26812EC9-995D-43A1-852E-302321466784}.Release|Any CPU.Build.0 = Release|Any CPU
		{0BEBEE1D-DADC-402F-A675-8110E6BD1D3C}.Debug|Any CPU.ActiveCfg = Debug|Any CPU
		{0BEBEE1D-DADC-402F-A675-8110E6BD1D3C}.Debug|Any CPU.Build.0 = Debug|Any CPU
		{0BEBEE1D-DADC-402F-A675-8110E6BD1D3C}.Release|Any CPU.ActiveCfg = Release|Any CPU
		{0BEBEE1D-DADC-402F-A675-8110E6BD1D3C}.Release|Any CPU.Build.0 = Release|Any CPU
		{0A198586-1B61-4A0B-92AC-75FE56BDE4FC}.Debug|Any CPU.ActiveCfg = Debug|Any CPU
		{0A198586-1B61-4A0B-92AC-75FE56BDE4FC}.Debug|Any CPU.Build.0 = Debug|Any CPU
		{0A198586-1B61-4A0B-92AC-75FE56BDE4FC}.Release|Any CPU.ActiveCfg = Release|Any CPU
		{0A198586-1B61-4A0B-92AC-75FE56BDE4FC}.Release|Any CPU.Build.0 = Release|Any CPU
	EndGlobalSection
	GlobalSection(SolutionProperties) = preSolution
		HideSolutionNode = FALSE
	EndGlobalSection
	GlobalSection(NestedProjects) = preSolution
		{94598753-C881-4DCD-8D0D-F153EBC689CF} = {02EA681E-C7D8-13C7-8484-4AC65E1B71E8}
		{70AA0A17-8462-43B7-88AB-F60CEF83AEF7} = {02EA681E-C7D8-13C7-8484-4AC65E1B71E8}
		{1D7BB399-82E7-437A-B56F-5EC60A5AFDCA} = {02EA681E-C7D8-13C7-8484-4AC65E1B71E8}
		{AEA9996D-84C1-41EA-9EFA-98E9A777DABE} = {02EA681E-C7D8-13C7-8484-4AC65E1B71E8}
		{26812EC9-995D-43A1-852E-302321466784} = {02EA681E-C7D8-13C7-8484-4AC65E1B71E8}
	EndGlobalSection
	GlobalSection(ExtensibilityGlobals) = postSolution
		SolutionGuid = {DDFAFAC8-6C19-4CD6-83E6-0373D7A26904}
	EndGlobalSection
EndGlobal
