
Microsoft Visual Studio Solution File, Format Version 12.00
# Visual Studio Version 16
VisualStudioVersion = 16.0.31729.503
MinimumVisualStudioVersion = 10.0.40219.1
Project("{FAE04EC0-301F-11D3-BF4B-00C04F79EFBC}") = "VisitorPatternSample", "VisitorPatternSample\VisitorPatternSample.csproj", "{74B2FBC5-4EF0-4FD7-A289-21683C7ACDD7}"
EndProject
Project("{FAE04EC0-301F-11D3-BF4B-00C04F79EFBC}") = "Library", "Library\Library.csproj", "{4097405D-2679-45E7-BB72-8D45A2A39939}"
EndProject
Global
	GlobalSection(SolutionConfigurationPlatforms) = preSolution
		Debug|Any CPU = Debug|Any CPU
		Release|Any CPU = Release|Any CPU
	EndGlobalSection
	GlobalSection(ProjectConfigurationPlatforms) = postSolution
		{74B2FBC5-4EF0-4FD7-A289-21683C7ACDD7}.Debug|Any CPU.ActiveCfg = Debug|Any CPU
		{74B2FBC5-4EF0-4FD7-A289-21683C7ACDD7}.Debug|Any CPU.Build.0 = Debug|Any CPU
		{74B2FBC5-4EF0-4FD7-A289-21683C7ACDD7}.Release|Any CPU.ActiveCfg = Release|Any CPU
		{74B2FBC5-4EF0-4FD7-A289-21683C7ACDD7}.Release|Any CPU.Build.0 = Release|Any CPU
		{4097405D-2679-45E7-BB72-8D45A2A39939}.Debug|Any CPU.ActiveCfg = Debug|Any CPU
		{4097405D-2679-45E7-BB72-8D45A2A39939}.Debug|Any CPU.Build.0 = Debug|Any CPU
		{4097405D-2679-45E7-BB72-8D45A2A39939}.Release|Any CPU.ActiveCfg = Release|Any CPU
		{4097405D-2679-45E7-BB72-8D45A2A39939}.Release|Any CPU.Build.0 = Release|Any CPU
	EndGlobalSection
	GlobalSection(SolutionProperties) = preSolution
		HideSolutionNode = FALSE
	EndGlobalSection
	GlobalSection(ExtensibilityGlobals) = postSolution
		SolutionGuid = {D2AFF396-B15C-451F-8F9C-ECFE1F4C5C24}
	EndGlobalSection
EndGlobal
