
Microsoft Visual Studio Solution File, Format Version 12.00
# Visual Studio Version 16
VisualStudioVersion = 16.0.31729.503
MinimumVisualStudioVersion = 10.0.40219.1
Project("{FAE04EC0-301F-11D3-BF4B-00C04F79EFBC}") = "ProxyPatternSample", "ProxyPatternSample\ProxyPatternSample.csproj", "{B3D57ACD-61BB-43D1-A518-B890B495B796}"
EndProject
Global
	GlobalSection(SolutionConfigurationPlatforms) = preSolution
		Debug|Any CPU = Debug|Any CPU
		Release|Any CPU = Release|Any CPU
	EndGlobalSection
	GlobalSection(ProjectConfigurationPlatforms) = postSolution
		{B3D57ACD-61BB-43D1-A518-B890B495B796}.Debug|Any CPU.ActiveCfg = Debug|Any CPU
		{B3D57ACD-61BB-43D1-A518-B890B495B796}.Debug|Any CPU.Build.0 = Debug|Any CPU
		{B3D57ACD-61BB-43D1-A518-B890B495B796}.Release|Any CPU.ActiveCfg = Release|Any CPU
		{B3D57ACD-61BB-43D1-A518-B890B495B796}.Release|Any CPU.Build.0 = Release|Any CPU
	EndGlobalSection
	GlobalSection(SolutionProperties) = preSolution
		HideSolutionNode = FALSE
	EndGlobalSection
	GlobalSection(ExtensibilityGlobals) = postSolution
		SolutionGuid = {CF890BA1-856A-41AB-8850-EB3E3DF2F68C}
	EndGlobalSection
EndGlobal
